
Microsoft Visual Studio Solution File, Format Version 12.00
# Visual Studio 15
VisualStudioVersion = 15.0.28010.2026
MinimumVisualStudioVersion = 10.0.40219.1
Project("{FAE04EC0-301F-11D3-BF4B-00C04F79EFBC}") = "DotNet_Examples", "DotNet_Examples\DotNet_Examples.csproj", "{96334A4C-149D-4A2D-B8BE-7910679959E9}"
EndProject
Project("{FAE04EC0-301F-11D3-BF4B-00C04F79EFBC}") = "WebApplication1", "WebApplication1\WebApplication1.csproj", "{154284EC-B4D3-4027-B5BF-BF2BCA3DC11C}"
EndProject
Global
	GlobalSection(SolutionConfigurationPlatforms) = preSolution
		Debug|Any CPU = Debug|Any CPU
		Release|Any CPU = Release|Any CPU
	EndGlobalSection
	GlobalSection(ProjectConfigurationPlatforms) = postSolution
		{96334A4C-149D-4A2D-B8BE-7910679959E9}.Debug|Any CPU.ActiveCfg = Debug|Any CPU
		{96334A4C-149D-4A2D-B8BE-7910679959E9}.Debug|Any CPU.Build.0 = Debug|Any CPU
		{96334A4C-149D-4A2D-B8BE-7910679959E9}.Release|Any CPU.ActiveCfg = Release|Any CPU
		{96334A4C-149D-4A2D-B8BE-7910679959E9}.Release|Any CPU.Build.0 = Release|Any CPU
		{154284EC-B4D3-4027-B5BF-BF2BCA3DC11C}.Debug|Any CPU.ActiveCfg = Debug|Any CPU
		{154284EC-B4D3-4027-B5BF-BF2BCA3DC11C}.Debug|Any CPU.Build.0 = Debug|Any CPU
		{154284EC-B4D3-4027-B5BF-BF2BCA3DC11C}.Release|Any CPU.ActiveCfg = Release|Any CPU
		{154284EC-B4D3-4027-B5BF-BF2BCA3DC11C}.Release|Any CPU.Build.0 = Release|Any CPU
	EndGlobalSection
	GlobalSection(SolutionProperties) = preSolution
		HideSolutionNode = FALSE
	EndGlobalSection
	GlobalSection(ExtensibilityGlobals) = postSolution
		SolutionGuid = {E112F9AF-E86D-4C4C-9724-341452086D38}
	EndGlobalSection
EndGlobal
